speakeasyVersion: 1.322.3
sources:
    openapi-with-code-samples:
        sourceNamespace: openapi-with-code-samples
        sourceRevisionDigest: sha256:33327259cabf735aebafa97c1fec7dec7d4cb09856f01502fa75151cc20c68a6
        sourceBlobDigest: sha256:e616a5c90cfcd92c32118489888f619bdf6575844af42171e20f071bb653c9e1
        tags:
            - latest
            - staging
targets: {}
workflow:
    workflowVersion: 1.0.0
    speakeasyVersion: latest
    sources:
        openapi-with-code-samples:
            inputs:
                - location: registry.speakeasyapi.dev/novu/novu/json-development:main
            overlays:
                - location: registry.speakeasyapi.dev/novu/novu/code-samples-typescript:main
            output: ./openapi.json
            registry:
                location: registry.speakeasyapi.dev/novu/novu/openapi-with-code-samples
    targets: {}
